
Microsoft Visual Studio Solution File, Format Version 12.00
# Visual Studio Version 17
VisualStudioVersion = 17.14.37012.4 d17.14
MinimumVisualStudioVersion = 10.0.40219.1
Project("{FAE04EC0-301F-11D3-BF4B-00C04F79EFBC}") = "Delegates_Introduction", "Delegates_Introduction.csproj", "{7873A885-8A5D-41AE-91F9-8B63A0E9A57B}"
EndProject
Global
	GlobalSection(SolutionConfigurationPlatforms) = preSolution
		Debug|Any CPU = Debug|Any CPU
		Release|Any CPU = Release|Any CPU
	EndGlobalSection
	GlobalSection(ProjectConfigurationPlatforms) = postSolution
		{7873A885-8A5D-41AE-91F9-8B63A0E9A57B}.Debug|Any CPU.ActiveCfg = Debug|Any CPU
		{7873A885-8A5D-41AE-91F9-8B63A0E9A57B}.Debug|Any CPU.Build.0 = Debug|Any CPU
		{7873A885-8A5D-41AE-91F9-8B63A0E9A57B}.Release|Any CPU.ActiveCfg = Release|Any CPU
		{7873A885-8A5D-41AE-91F9-8B63A0E9A57B}.Release|Any CPU.Build.0 = Release|Any CPU
	EndGlobalSection
	GlobalSection(SolutionProperties) = preSolution
		HideSolutionNode = FALSE
	EndGlobalSection
	GlobalSection(ExtensibilityGlobals) = postSolution
		SolutionGuid = {AF08554A-4FD7-4B85-A858-01A728D1D682}
	EndGlobalSection
EndGlobal
